<?xml version="1.0" encoding="utf-8"?>
<Project ToolsVersion="4.0" xmlns="http://schemas.microsoft.com/developer/msbuild/2003">
  <ItemGroup>
    <Filter Include="소스 파일">
      <UniqueIdentifier>{4FC737F1-C7A5-4376-A066-2A32D752A2FF}</UniqueIdentifier>
      <Extensions>cpp;c;cc;cxx;def;odl;idl;hpj;bat;asm;asmx</Extensions>
    </Filter>
    <Filter Include="헤더 파일">
      <UniqueIdentifier>{93995380-89BD-4b04-88EB-625FBE52EBFB}</UniqueIdentifier>
      <Extensions>h;hh;hpp;hxx;hm;inl;inc;xsd</Extensions>
    </Filter>
    <Filter Include="리소스 파일">
      <UniqueIdentifier>{67DA6AB6-F800-4c08-8B7A-83BB121AAD01}</UniqueIdentifier>
      <Extensions>rc;ico;cur;bmp;dlg;rc2;rct;bin;rgs;gif;jpg;jpeg;jpe;resx;tiff;tif;png;wav;mfcribbon-ms</Extensions>
    </Filter>
    <Filter Include="CubeMan">
      <UniqueIdentifier>{d0c402e8-c657-4b3d-9e2f-99893b00daf4}</UniqueIdentifier>
    </Filter>
    <Filter Include="ObjLoader">
      <UniqueIdentifier>{a7ffe645-c88d-4c34-940d-d492329ed0f0}</UniqueIdentifier>
    </Filter>
    <Filter Include="ASELoader">
      <UniqueIdentifier>{5834f8a1-8136-44a7-9cd7-c6f49a6a45c6}</UniqueIdentifier>
    </Filter>
    <Filter Include="Camera">
      <UniqueIdentifier>{02315e08-10dd-47f3-a473-f3eea400bffa}</UniqueIdentifier>
    </Filter>
    <Filter Include="DirectX">
      <UniqueIdentifier>{ae72be6c-9e52-4eb1-8789-6499330756a1}</UniqueIdentifier>
    </Filter>
    <Filter Include="Grid">
      <UniqueIdentifier>{9ae5ab4d-e7ed-4325-8dd4-2d840e043f15}</UniqueIdentifier>
    </Filter>
    <Filter Include="Manager">
      <UniqueIdentifier>{11527bcf-8e21-456a-909d-bef7c398f018}</UniqueIdentifier>
    </Filter>
    <Filter Include="MapTool">
      <UniqueIdentifier>{627cd1ac-f5a2-4ce0-a4b1-a86dc237f7f9}</UniqueIdentifier>
    </Filter>
    <Filter Include="Infomation">
      <UniqueIdentifier>{0da4e465-8042-4242-aa66-a0a95812280a}</UniqueIdentifier>
    </Filter>
    <Filter Include="Picking">
      <UniqueIdentifier>{2d5ff53c-9dfb-41c1-a8ac-f0fe60ca8901}</UniqueIdentifier>
    </Filter>
    <Filter Include="SaveLoad">
      <UniqueIdentifier>{eabb5f91-6ba7-43d2-b8e2-8b7c8c43ffa9}</UniqueIdentifier>
    </Filter>
    <Filter Include="MapToolUI">
      <UniqueIdentifier>{07b0f007-2917-4e11-b835-9d32c2433bfe}</UniqueIdentifier>
    </Filter>
    <Filter Include="HeightMap">
      <UniqueIdentifier>{2ffbc344-10f6-4743-8239-14fa2e6ca702}</UniqueIdentifier>
    </Filter>
    <Filter Include="SkyBox">
      <UniqueIdentifier>{af992819-1e12-4859-a244-5ec255b61dab}</UniqueIdentifier>
    </Filter>
    <Filter Include="XFileLoader">
      <UniqueIdentifier>{016c508e-0320-4f76-9561-9567e9dd060c}</UniqueIdentifier>
    </Filter>
    <Filter Include="Util">
      <UniqueIdentifier>{6e536393-4181-43c8-8dc7-031c396d5b17}</UniqueIdentifier>
    </Filter>
  </ItemGroup>
  <ItemGroup>
    <Text Include="ReadMe.txt" />
  </ItemGroup>
  <ItemGroup>
    <ClInclude Include="targetver.h">
      <Filter>헤더 파일</Filter>
    </ClInclude>
    <ClInclude Include="Resource.h">
      <Filter>헤더 파일</Filter>
    </ClInclude>
    <ClInclude Include="cCube.h">
      <Filter>헤더 파일</Filter>
    </ClInclude>
    <ClInclude Include="cHead.h">
      <Filter>CubeMan</Filter>
    </ClInclude>
    <ClInclude Include="cBody.h">
      <Filter>CubeMan</Filter>
    </ClInclude>
    <ClInclude Include="cLeftArm.h">
      <Filter>CubeMan</Filter>
    </ClInclude>
    <ClInclude Include="cLeftLeg.h">
      <Filter>CubeMan</Filter>
    </ClInclude>
    <ClInclude Include="cRightArm.h">
      <Filter>CubeMan</Filter>
    </ClInclude>
    <ClInclude Include="cRightLeg.h">
      <Filter>CubeMan</Filter>
    </ClInclude>
    <ClInclude Include="cCubeMan.h">
      <Filter>헤더 파일</Filter>
    </ClInclude>
    <ClInclude Include="cAction.h">
      <Filter>헤더 파일</Filter>
    </ClInclude>
    <ClInclude Include="cActionLinear.h">
      <Filter>헤더 파일</Filter>
    </ClInclude>
    <ClInclude Include="cActionBezier.h">
      <Filter>헤더 파일</Filter>
    </ClInclude>
    <ClInclude Include="cActionSeq.h">
      <Filter>헤더 파일</Filter>
    </ClInclude>
    <ClInclude Include="cInterpolation.h">
      <Filter>헤더 파일</Filter>
    </ClInclude>
    <ClInclude Include="cActionRepeat.h">
      <Filter>헤더 파일</Filter>
    </ClInclude>
    <ClInclude Include="cObject.h">
      <Filter>헤더 파일</Filter>
    </ClInclude>
    <ClInclude Include="cGameObject.h">
      <Filter>헤더 파일</Filter>
    </ClInclude>
    <ClInclude Include="cGroup.h">
      <Filter>ObjLoader</Filter>
    </ClInclude>
    <ClInclude Include="cObjLoader.h">
      <Filter>ObjLoader</Filter>
    </ClInclude>
    <ClInclude Include="cMtlTex.h">
      <Filter>ObjLoader</Filter>
    </ClInclude>
    <ClInclude Include="cObjMap.h">
      <Filter>헤더 파일</Filter>
    </ClInclude>
    <ClInclude Include="iMap.h">
      <Filter>헤더 파일</Filter>
    </ClInclude>
    <ClInclude Include="Asciitok.h">
      <Filter>ASELoader</Filter>
    </ClInclude>
    <ClInclude Include="cAseLoader.h">
      <Filter>ASELoader</Filter>
    </ClInclude>
    <ClInclude Include="cAseNode.h">
      <Filter>ASELoader</Filter>
    </ClInclude>
    <ClInclude Include="cCamera.h">
      <Filter>Camera</Filter>
    </ClInclude>
    <ClInclude Include="D3DX_Base.h">
      <Filter>DirectX</Filter>
    </ClInclude>
    <ClInclude Include="stdafx.h">
      <Filter>DirectX</Filter>
    </ClInclude>
    <ClInclude Include="cGrid.h">
      <Filter>Grid</Filter>
    </ClInclude>
    <ClInclude Include="cDeviceManager.h">
      <Filter>Manager</Filter>
    </ClInclude>
    <ClInclude Include="cFontManager.h">
      <Filter>Manager</Filter>
    </ClInclude>
    <ClInclude Include="cObjectManager.h">
      <Filter>Manager</Filter>
    </ClInclude>
    <ClInclude Include="cTextureManager.h">
      <Filter>Manager</Filter>
    </ClInclude>
    <ClInclude Include="cTimeManager.h">
      <Filter>Manager</Filter>
    </ClInclude>
    <ClInclude Include="cKeyManager.h">
      <Filter>Manager</Filter>
    </ClInclude>
    <ClInclude Include="cMainGame.h">
      <Filter>MapTool</Filter>
    </ClInclude>
    <ClInclude Include="cInfomation.h">
      <Filter>Infomation</Filter>
    </ClInclude>
    <ClInclude Include="cPicking.h">
      <Filter>Picking</Filter>
    </ClInclude>
    <ClInclude Include="cMapTool.h">
      <Filter>MapTool</Filter>
    </ClInclude>
    <ClInclude Include="cSaveLoad.h">
      <Filter>SaveLoad</Filter>
    </ClInclude>
    <ClInclude Include="cHeightMap.h">
      <Filter>HeightMap</Filter>
    </ClInclude>
    <ClInclude Include="cUIObject.h">
      <Filter>MapToolUI</Filter>
    </ClInclude>
    <ClInclude Include="cUIButton.h">
      <Filter>MapToolUI</Filter>
    </ClInclude>
    <ClInclude Include="cUIImageView.h">
      <Filter>MapToolUI</Filter>
    </ClInclude>
    <ClInclude Include="cSkyBox.h">
      <Filter>SkyBox</Filter>
    </ClInclude>
    <ClInclude Include="cAllocateHierarchy.h">
      <Filter>XFileLoader</Filter>
    </ClInclude>
    <ClInclude Include="cXFileManager.h">
      <Filter>XFileLoader</Filter>
    </ClInclude>
    <ClInclude Include="cXLoader.h">
      <Filter>XFileLoader</Filter>
    </ClInclude>
    <ClInclude Include="nUtil.h">
      <Filter>헤더 파일</Filter>
    </ClInclude>
    <ClInclude Include="cTower.h">
      <Filter>헤더 파일</Filter>
    </ClInclude>
    <ClInclude Include="cFireEffect.h">
      <Filter>헤더 파일</Filter>
    </ClInclude>
  </ItemGroup>
  <ItemGroup>
    <ClCompile Include="cCube.cpp">
      <Filter>소스 파일</Filter>
    </ClCompile>
    <ClCompile Include="cHead.cpp">
      <Filter>CubeMan</Filter>
    </ClCompile>
    <ClCompile Include="cBody.cpp">
      <Filter>CubeMan</Filter>
    </ClCompile>
    <ClCompile Include="cLeftArm.cpp">
      <Filter>CubeMan</Filter>
    </ClCompile>
    <ClCompile Include="cLeftLeg.cpp">
      <Filter>CubeMan</Filter>
    </ClCompile>
    <ClCompile Include="cRightArm.cpp">
      <Filter>CubeMan</Filter>
    </ClCompile>
    <ClCompile Include="cRightLeg.cpp">
      <Filter>CubeMan</Filter>
    </ClCompile>
    <ClCompile Include="cCubeMan.cpp">
      <Filter>소스 파일</Filter>
    </ClCompile>
    <ClCompile Include="cAction.cpp">
      <Filter>소스 파일</Filter>
    </ClCompile>
    <ClCompile Include="cActionLinear.cpp">
      <Filter>소스 파일</Filter>
    </ClCompile>
    <ClCompile Include="cActionBezier.cpp">
      <Filter>소스 파일</Filter>
    </ClCompile>
    <ClCompile Include="cActionSeq.cpp">
      <Filter>소스 파일</Filter>
    </ClCompile>
    <ClCompile Include="cInterpolation.cpp">
      <Filter>소스 파일</Filter>
    </ClCompile>
    <ClCompile Include="cActionRepeat.cpp">
      <Filter>소스 파일</Filter>
    </ClCompile>
    <ClCompile Include="cObject.cpp">
      <Filter>소스 파일</Filter>
    </ClCompile>
    <ClCompile Include="cGameObject.cpp">
      <Filter>소스 파일</Filter>
    </ClCompile>
    <ClCompile Include="cObjLoader.cpp">
      <Filter>ObjLoader</Filter>
    </ClCompile>
    <ClCompile Include="cGroup.cpp">
      <Filter>ObjLoader</Filter>
    </ClCompile>
    <ClCompile Include="cMtlTex.cpp">
      <Filter>ObjLoader</Filter>
    </ClCompile>
    <ClCompile Include="cObjMap.cpp">
      <Filter>소스 파일</Filter>
    </ClCompile>
    <ClCompile Include="iMap.cpp">
      <Filter>소스 파일</Filter>
    </ClCompile>
    <ClCompile Include="cAseLoader.cpp">
      <Filter>ASELoader</Filter>
    </ClCompile>
    <ClCompile Include="cAseNode.cpp">
      <Filter>ASELoader</Filter>
    </ClCompile>
    <ClCompile Include="cCamera.cpp">
      <Filter>Camera</Filter>
    </ClCompile>
    <ClCompile Include="D3DX_Base.cpp">
      <Filter>DirectX</Filter>
    </ClCompile>
    <ClCompile Include="stdafx.cpp">
      <Filter>DirectX</Filter>
    </ClCompile>
    <ClCompile Include="cGrid.cpp">
      <Filter>Grid</Filter>
    </ClCompile>
    <ClCompile Include="cDeviceManager.cpp">
      <Filter>Manager</Filter>
    </ClCompile>
    <ClCompile Include="cFontManager.cpp">
      <Filter>Manager</Filter>
    </ClCompile>
    <ClCompile Include="cObjectManager.cpp">
      <Filter>Manager</Filter>
    </ClCompile>
    <ClCompile Include="cTextureManager.cpp">
      <Filter>Manager</Filter>
    </ClCompile>
    <ClCompile Include="cTimeManager.cpp">
      <Filter>Manager</Filter>
    </ClCompile>
    <ClCompile Include="cKeyManager.cpp">
      <Filter>Manager</Filter>
    </ClCompile>
    <ClCompile Include="cMainGame.cpp">
      <Filter>MapTool</Filter>
    </ClCompile>
    <ClCompile Include="cInfomation.cpp">
      <Filter>Infomation</Filter>
    </ClCompile>
    <ClCompile Include="cPicking.cpp">
      <Filter>Picking</Filter>
    </ClCompile>
    <ClCompile Include="cMapTool.cpp">
      <Filter>MapTool</Filter>
    </ClCompile>
    <ClCompile Include="cSaveLoad.cpp">
      <Filter>SaveLoad</Filter>
    </ClCompile>
    <ClCompile Include="cHeightMap.cpp">
      <Filter>HeightMap</Filter>
    </ClCompile>
    <ClCompile Include="cUIButton.cpp">
      <Filter>MapToolUI</Filter>
    </ClCompile>
    <ClCompile Include="cUIObject.cpp">
      <Filter>MapToolUI</Filter>
    </ClCompile>
    <ClCompile Include="cUIImageView.cpp">
      <Filter>MapToolUI</Filter>
    </ClCompile>
    <ClCompile Include="cSkyBox.cpp">
      <Filter>SkyBox</Filter>
    </ClCompile>
    <ClCompile Include="cAllocateHierarchy.cpp">
      <Filter>XFileLoader</Filter>
    </ClCompile>
    <ClCompile Include="cXFileManager.cpp">
      <Filter>XFileLoader</Filter>
    </ClCompile>
    <ClCompile Include="cXLoader.cpp">
      <Filter>XFileLoader</Filter>
    </ClCompile>
    <ClCompile Include="nUtil.cpp">
      <Filter>소스 파일</Filter>
    </ClCompile>
    <ClCompile Include="cTower.cpp">
      <Filter>소스 파일</Filter>
    </ClCompile>
    <ClCompile Include="cFireEffect.cpp">
      <Filter>소스 파일</Filter>
    </ClCompile>
  </ItemGroup>
  <ItemGroup>
    <ResourceCompile Include="D3DX_Base.rc">
      <Filter>리소스 파일</Filter>
    </ResourceCompile>
  </ItemGroup>
  <ItemGroup>
    <Image Include="small.ico">
      <Filter>리소스 파일</Filter>
    </Image>
    <Image Include="D3DX_Base.ico">
      <Filter>리소스 파일</Filter>
    </Image>
  </ItemGroup>
</Project>